
Microsoft Visual Studio Solution File, Format Version 12.00
# Visual Studio Version 17
VisualStudioVersion = 17.10.35122.118
MinimumVisualStudioVersion = 10.0.40219.1
Project("{FAE04EC0-301F-11D3-BF4B-00C04F79EFBC}") = "lab2_zhuk", "lab2_zhuk.csproj", "{180C33BF-13D3-4EA8-866E-394BFE8395F7}"
EndProject
Project("{FAE04EC0-301F-11D3-BF4B-00C04F79EFBC}") = "CAPP2LAB", "..\CAPP2LAB\CAPP2LAB.csproj", "{290E3272-704F-4B30-A5C6-6B07A41C1F39}"
EndProject
Global
	GlobalSection(SolutionConfigurationPlatforms) = preSolution
		Debug|Any CPU = Debug|Any CPU
		Release|Any CPU = Release|Any CPU
	EndGlobalSection
	GlobalSection(ProjectConfigurationPlatforms) = postSolution
		{180C33BF-13D3-4EA8-866E-394BFE8395F7}.Debug|Any CPU.ActiveCfg = Debug|Any CPU
		{180C33BF-13D3-4EA8-866E-394BFE8395F7}.Debug|Any CPU.Build.0 = Debug|Any CPU
		{180C33BF-13D3-4EA8-866E-394BFE8395F7}.Release|Any CPU.ActiveCfg = Release|Any CPU
		{180C33BF-13D3-4EA8-866E-394BFE8395F7}.Release|Any CPU.Build.0 = Release|Any CPU
		{290E3272-704F-4B30-A5C6-6B07A41C1F39}.Debug|Any CPU.ActiveCfg = Debug|Any CPU
		{290E3272-704F-4B30-A5C6-6B07A41C1F39}.Debug|Any CPU.Build.0 = Debug|Any CPU
		{290E3272-704F-4B30-A5C6-6B07A41C1F39}.Release|Any CPU.ActiveCfg = Release|Any CPU
		{290E3272-704F-4B30-A5C6-6B07A41C1F39}.Release|Any CPU.Build.0 = Release|Any CPU
	EndGlobalSection
	GlobalSection(SolutionProperties) = preSolution
		HideSolutionNode = FALSE
	EndGlobalSection
	GlobalSection(ExtensibilityGlobals) = postSolution
		SolutionGuid = {DD1D4F64-3C3F-49D5-A4C3-94BB65E12458}
	EndGlobalSection
EndGlobal
